
Microsoft Visual Studio Solution File, Format Version 12.00
# Visual Studio Version 16
VisualStudioVersion = 16.0.29215.179
MinimumVisualStudioVersion = 10.0.40219.1
Project("{FAE04EC0-301F-11D3-BF4B-00C04F79EFBC}") = "KiWoomOpenAPI", "KiWoomOpenAPI\KiWoomOpenAPI.csproj", "{BB44D488-47E2-4E77-A6D7-7883A081EFD5}"
EndProject
Global
	GlobalSection(SolutionConfigurationPlatforms) = preSolution
		Debug|Any CPU = Debug|Any CPU
		Release|Any CPU = Release|Any CPU
	EndGlobalSection
	GlobalSection(ProjectConfigurationPlatforms) = postSolution
		{BB44D488-47E2-4E77-A6D7-7883A081EFD5}.Debug|Any CPU.ActiveCfg = Debug|Any CPU
		{BB44D488-47E2-4E77-A6D7-7883A081EFD5}.Debug|Any CPU.Build.0 = Debug|Any CPU
		{BB44D488-47E2-4E77-A6D7-7883A081EFD5}.Release|Any CPU.ActiveCfg = Release|Any CPU
		{BB44D488-47E2-4E77-A6D7-7883A081EFD5}.Release|Any CPU.Build.0 = Release|Any CPU
	EndGlobalSection
	GlobalSection(SolutionProperties) = preSolution
		HideSolutionNode = FALSE
	EndGlobalSection
	GlobalSection(ExtensibilityGlobals) = postSolution
		SolutionGuid = {48105C42-06F9-469F-A269-1080E90DF654}
	EndGlobalSection
EndGlobal
